{
  "name": "abappgp",
  "version": "1.0.0",
  "lockfileVersion": 2,
  "requires": true,
  "packages": {
    "": {
      "name": "abappgp",
      "version": "1.0.0",
      "license": "MIT",
      "dependencies": {
        "@abaplint/cli": "^2.91.8",
        "@abaplint/runtime": "^2.0.69",
        "@abaplint/transpiler-cli": "^2.0.69"
      }
    },
    "node_modules/@abaplint/cli": {
      "version": "2.91.8",
      "resolved": "https://registry.npmjs.org/@abaplint/cli/-/cli-2.91.8.tgz",
      "integrity": "sha512-9B632OdW+ER8aA/PwvF/ABzXrpp5huPyqz4+LzE9VLYABazqaS/4ZQZDlysZjlKb0ZgapPHvg4BM4JIST5M2Vw==",
      "bin": {
        "abaplint": "abaplint"
      },
      "engines": {
        "node": ">=12.0.0"
      }
    },
    "node_modules/@abaplint/runtime": {
      "version": "2.0.69",
      "resolved": "https://registry.npmjs.org/@abaplint/runtime/-/runtime-2.0.69.tgz",
      "integrity": "sha512-0vsWAZlyV67/y9OTSEjS5rfJ9JXcKpGevjRRs2zbKpx8V9dFd0122/NOrR6ujFXlJXXPGB2b1DuENjC8FWM/dA=="
    },
    "node_modules/@abaplint/transpiler-cli": {
      "version": "2.0.69",
      "resolved": "https://registry.npmjs.org/@abaplint/transpiler-cli/-/transpiler-cli-2.0.69.tgz",
      "integrity": "sha512-hcn61CG77nPUJ1pTXe2kcag3wFitDlRi3p7uFrjWTqy3GRwBwqv80fQg0C7RuSjyoJqK1S1j9qUo03xGF24n8w==",
      "bin": {
        "abap_transpile": "abap_transpile"
      }
    }
  },
  "dependencies": {
    "@abaplint/cli": {
      "version": "2.91.8",
      "resolved": "https://registry.npmjs.org/@abaplint/cli/-/cli-2.91.8.tgz",
      "integrity": "sha512-9B632OdW+ER8aA/PwvF/ABzXrpp5huPyqz4+LzE9VLYABazqaS/4ZQZDlysZjlKb0ZgapPHvg4BM4JIST5M2Vw=="
    },
    "@abaplint/runtime": {
      "version": "2.0.69",
      "resolved": "https://registry.npmjs.org/@abaplint/runtime/-/runtime-2.0.69.tgz",
      "integrity": "sha512-0vsWAZlyV67/y9OTSEjS5rfJ9JXcKpGevjRRs2zbKpx8V9dFd0122/NOrR6ujFXlJXXPGB2b1DuENjC8FWM/dA=="
    },
    "@abaplint/transpiler-cli": {
      "version": "2.0.69",
      "resolved": "https://registry.npmjs.org/@abaplint/transpiler-cli/-/transpiler-cli-2.0.69.tgz",
      "integrity": "sha512-hcn61CG77nPUJ1pTXe2kcag3wFitDlRi3p7uFrjWTqy3GRwBwqv80fQg0C7RuSjyoJqK1S1j9qUo03xGF24n8w=="
    }
  }
}
