{
  "name": "abappgp",
  "version": "1.0.0",
  "lockfileVersion": 2,
  "requires": true,
  "packages": {
    "": {
      "name": "abappgp",
      "version": "1.0.0",
      "license": "MIT",
      "dependencies": {
        "@abaplint/cli": "^2.89.0",
        "@abaplint/runtime": "^2.0.9",
        "@abaplint/transpiler-cli": "^2.0.9"
      }
    },
    "node_modules/@abaplint/cli": {
      "version": "2.89.0",
      "resolved": "https://registry.npmjs.org/@abaplint/cli/-/cli-2.89.0.tgz",
      "integrity": "sha512-N+qpOa1BkHDglX4ibITrxpJvRN3JIesRumuePMDPkee2bqNfDfgq6xZedLoWI2kUsAj5DpiWdKbNY4nBme0WIg==",
      "bin": {
        "abaplint": "abaplint"
      },
      "engines": {
        "node": ">=12.0.0"
      }
    },
    "node_modules/@abaplint/runtime": {
      "version": "2.0.9",
      "resolved": "https://registry.npmjs.org/@abaplint/runtime/-/runtime-2.0.9.tgz",
      "integrity": "sha512-z6jIDF/98+DAVDdM5LYeBNLIJrh4Mg/EIa3C+ESCokLevGMCTynuGomg3E8mv9/Cu+YxWA0SPMzcGof0i7jg7Q=="
    },
    "node_modules/@abaplint/transpiler-cli": {
      "version": "2.0.9",
      "resolved": "https://registry.npmjs.org/@abaplint/transpiler-cli/-/transpiler-cli-2.0.9.tgz",
      "integrity": "sha512-1prLaF03TqQ5OAndGt1BhmUQXjw9Ip0HKVWftyjc7KvFq2P/QscLqB5EuLiOnzIOKnBFt6bb6CLJgFTNRJTdWw==",
      "bin": {
        "abap_transpile": "abap_transpile"
      }
    }
  },
  "dependencies": {
    "@abaplint/cli": {
      "version": "2.89.0",
      "resolved": "https://registry.npmjs.org/@abaplint/cli/-/cli-2.89.0.tgz",
      "integrity": "sha512-N+qpOa1BkHDglX4ibITrxpJvRN3JIesRumuePMDPkee2bqNfDfgq6xZedLoWI2kUsAj5DpiWdKbNY4nBme0WIg=="
    },
    "@abaplint/runtime": {
      "version": "2.0.9",
      "resolved": "https://registry.npmjs.org/@abaplint/runtime/-/runtime-2.0.9.tgz",
      "integrity": "sha512-z6jIDF/98+DAVDdM5LYeBNLIJrh4Mg/EIa3C+ESCokLevGMCTynuGomg3E8mv9/Cu+YxWA0SPMzcGof0i7jg7Q=="
    },
    "@abaplint/transpiler-cli": {
      "version": "2.0.9",
      "resolved": "https://registry.npmjs.org/@abaplint/transpiler-cli/-/transpiler-cli-2.0.9.tgz",
      "integrity": "sha512-1prLaF03TqQ5OAndGt1BhmUQXjw9Ip0HKVWftyjc7KvFq2P/QscLqB5EuLiOnzIOKnBFt6bb6CLJgFTNRJTdWw=="
    }
  }
}
